
Microsoft Visual Studio Solution File, Format Version 12.00
# Visual Studio Version 17
VisualStudioVersion = 17.1.32407.343
MinimumVisualStudioVersion = 10.0.40219.1
Project("{FAE04EC0-301F-11D3-BF4B-00C04F79EFBC}") = "PickUpConsoleApp", "PickConsoleApp\PickUpConsoleApp.csproj", "{93B1B7B2-C858-4383-8FDC-891CE007B5AF}"
EndProject
Project("{FAE04EC0-301F-11D3-BF4B-00C04F79EFBC}") = "PickUpTestProject", "PickUpTestProject\PickUpTestProject.csproj", "{DE9D5B00-17DC-415C-A927-EA3771514D54}"
EndProject
Global
	GlobalSection(SolutionConfigurationPlatforms) = preSolution
		Debug|Any CPU = Debug|Any CPU
		Release|Any CPU = Release|Any CPU
	EndGlobalSection
	GlobalSection(ProjectConfigurationPlatforms) = postSolution
		{93B1B7B2-C858-4383-8FDC-891CE007B5AF}.Debug|Any CPU.ActiveCfg = Debug|Any CPU
		{93B1B7B2-C858-4383-8FDC-891CE007B5AF}.Debug|Any CPU.Build.0 = Debug|Any CPU
		{93B1B7B2-C858-4383-8FDC-891CE007B5AF}.Release|Any CPU.ActiveCfg = Release|Any CPU
		{93B1B7B2-C858-4383-8FDC-891CE007B5AF}.Release|Any CPU.Build.0 = Release|Any CPU
		{DE9D5B00-17DC-415C-A927-EA3771514D54}.Debug|Any CPU.ActiveCfg = Debug|Any CPU
		{DE9D5B00-17DC-415C-A927-EA3771514D54}.Debug|Any CPU.Build.0 = Debug|Any CPU
		{DE9D5B00-17DC-415C-A927-EA3771514D54}.Release|Any CPU.ActiveCfg = Release|Any CPU
		{DE9D5B00-17DC-415C-A927-EA3771514D54}.Release|Any CPU.Build.0 = Release|Any CPU
	EndGlobalSection
	GlobalSection(SolutionProperties) = preSolution
		HideSolutionNode = FALSE
	EndGlobalSection
	GlobalSection(ExtensibilityGlobals) = postSolution
		SolutionGuid = {02BDB01E-DCD4-4947-9068-B20FAC26DFCB}
	EndGlobalSection
EndGlobal
